
Microsoft Visual Studio Solution File, Format Version 12.00
# Visual Studio Version 17
VisualStudioVersion = 17.4.33110.190
MinimumVisualStudioVersion = 10.0.40219.1
Project("{FAE04EC0-301F-11D3-BF4B-00C04F79EFBC}") = "BlazorApp", "BlazorApp\BlazorApp.csproj", "{5C638079-9601-4AF3-B1F1-0F18A669EB2D}"
EndProject
Global
	GlobalSection(SolutionConfigurationPlatforms) = preSolution
		Debug|Any CPU = Debug|Any CPU
		Release|Any CPU = Release|Any CPU
	EndGlobalSection
	GlobalSection(ProjectConfigurationPlatforms) = postSolution
		{5C638079-9601-4AF3-B1F1-0F18A669EB2D}.Debug|Any CPU.ActiveCfg = Debug|Any CPU
		{5C638079-9601-4AF3-B1F1-0F18A669EB2D}.Debug|Any CPU.Build.0 = Debug|Any CPU
		{5C638079-9601-4AF3-B1F1-0F18A669EB2D}.Release|Any CPU.ActiveCfg = Release|Any CPU
		{5C638079-9601-4AF3-B1F1-0F18A669EB2D}.Release|Any CPU.Build.0 = Release|Any CPU
	EndGlobalSection
	GlobalSection(SolutionProperties) = preSolution
		HideSolutionNode = FALSE
	EndGlobalSection
	GlobalSection(ExtensibilityGlobals) = postSolution
		SolutionGuid = {1EBE68CC-F983-4E04-A3F7-D0F5C34C064E}
	EndGlobalSection
EndGlobal
